
Microsoft Visual Studio Solution File, Format Version 12.00
# Visual Studio 14
VisualStudioVersion = 14.0.25420.1
MinimumVisualStudioVersion = 10.0.40219.1
Project("{FAE04EC0-301F-11D3-BF4B-00C04F79EFBC}") = "News", "News\News.csproj", "{410BDE9D-B248-4AD4-B85E-535824D75E3B}"
EndProject
Project("{FAE04EC0-301F-11D3-BF4B-00C04F79EFBC}") = "News.Tests", "News.Tests\News.Tests.csproj", "{BA174967-1822-4879-93D9-8D5B49B75708}"
EndProject
Global
	GlobalSection(SolutionConfigurationPlatforms) = preSolution
		Debug|Any CPU = Debug|Any CPU
		Release|Any CPU = Release|Any CPU
	EndGlobalSection
	GlobalSection(ProjectConfigurationPlatforms) = postSolution
		{410BDE9D-B248-4AD4-B85E-535824D75E3B}.Debug|Any CPU.ActiveCfg = Debug|Any CPU
		{410BDE9D-B248-4AD4-B85E-535824D75E3B}.Debug|Any CPU.Build.0 = Debug|Any CPU
		{410BDE9D-B248-4AD4-B85E-535824D75E3B}.Release|Any CPU.ActiveCfg = Release|Any CPU
		{410BDE9D-B248-4AD4-B85E-535824D75E3B}.Release|Any CPU.Build.0 = Release|Any CPU
		{BA174967-1822-4879-93D9-8D5B49B75708}.Debug|Any CPU.ActiveCfg = Debug|Any CPU
		{BA174967-1822-4879-93D9-8D5B49B75708}.Debug|Any CPU.Build.0 = Debug|Any CPU
		{BA174967-1822-4879-93D9-8D5B49B75708}.Release|Any CPU.ActiveCfg = Release|Any CPU
		{BA174967-1822-4879-93D9-8D5B49B75708}.Release|Any CPU.Build.0 = Release|Any CPU
	EndGlobalSection
	GlobalSection(SolutionProperties) = preSolution
		HideSolutionNode = FALSE
	EndGlobalSection
EndGlobal
